Microsoft Visual Studio Solution File, Format Version 12.00
# Visual Studio Version 17
VisualStudioVersion = 17.5.2.0
MinimumVisualStudioVersion = 10.0.40219.1
Project("{FAE04EC0-301F-11D3-BF4B-00C04F79EFBC}") = "Lab10_Tests", "Lab10_Tests.csproj", "{1663277E-4771-4D16-7E81-8951144674E7}"
EndProject
Global
	GlobalSection(SolutionConfigurationPlatforms) = preSolution
		Debug|Any CPU = Debug|Any CPU
		Release|Any CPU = Release|Any CPU
	EndGlobalSection
	GlobalSection(ProjectConfigurationPlatforms) = postSolution
		{1663277E-4771-4D16-7E81-8951144674E7}.Debug|Any CPU.ActiveCfg = Debug|Any CPU
		{1663277E-4771-4D16-7E81-8951144674E7}.Debug|Any CPU.Build.0 = Debug|Any CPU
		{1663277E-4771-4D16-7E81-8951144674E7}.Release|Any CPU.ActiveCfg = Release|Any CPU
		{1663277E-4771-4D16-7E81-8951144674E7}.Release|Any CPU.Build.0 = Release|Any CPU
	EndGlobalSection
	GlobalSection(SolutionProperties) = preSolution
		HideSolutionNode = FALSE
	EndGlobalSection
	GlobalSection(ExtensibilityGlobals) = postSolution
		SolutionGuid = {83441705-F13C-4786-83DC-313EF6C28154}
	EndGlobalSection
EndGlobal
